
Microsoft Visual Studio Solution File, Format Version 12.00
# Visual Studio Version 16
VisualStudioVersion = 16.0.29209.62
MinimumVisualStudioVersion = 10.0.40219.1
Project("{FAE04EC0-301F-11D3-BF4B-00C04F79EFBC}") = "MusicGridNative", "MusicGridNative\MusicGridNative.csproj", "{0D7B8483-EC4B-430E-8EE1-852786E3257D}"
EndProject
Global
	GlobalSection(SolutionConfigurationPlatforms) = preSolution
		Debug|Any CPU = Debug|Any CPU
		Debug|x64 = Debug|x64
		Release|Any CPU = Release|Any CPU
		Release|x64 = Release|x64
	EndGlobalSection
	GlobalSection(ProjectConfigurationPlatforms) = postSolution
		{0D7B8483-EC4B-430E-8EE1-852786E3257D}.Debug|Any CPU.ActiveCfg = Debug|Any CPU
		{0D7B8483-EC4B-430E-8EE1-852786E3257D}.Debug|Any CPU.Build.0 = Debug|Any CPU
		{0D7B8483-EC4B-430E-8EE1-852786E3257D}.Debug|x64.ActiveCfg = Debug|x64
		{0D7B8483-EC4B-430E-8EE1-852786E3257D}.Debug|x64.Build.0 = Debug|x64
		{0D7B8483-EC4B-430E-8EE1-852786E3257D}.Release|Any CPU.ActiveCfg = Release|Any CPU
		{0D7B8483-EC4B-430E-8EE1-852786E3257D}.Release|Any CPU.Build.0 = Release|Any CPU
		{0D7B8483-EC4B-430E-8EE1-852786E3257D}.Release|x64.ActiveCfg = Release|x64
		{0D7B8483-EC4B-430E-8EE1-852786E3257D}.Release|x64.Build.0 = Release|x64
	EndGlobalSection
	GlobalSection(SolutionProperties) = preSolution
		HideSolutionNode = FALSE
	EndGlobalSection
	GlobalSection(ExtensibilityGlobals) = postSolution
		SolutionGuid = {BB9953DD-1ECB-436F-B569-0239CDDAE60A}
	EndGlobalSection
EndGlobal
